
Microsoft Visual Studio Solution File, Format Version 12.00
# Visual Studio Version 17
VisualStudioVersion = 17.6.33829.357
MinimumVisualStudioVersion = 10.0.40219.1
Project("{9A19103F-16F7-4668-BE54-9A1E7A4F7556}") = "RWIA.API", "RWIA.API\RWIA.API.csproj", "{44834498-2E01-4979-8EE1-908144A20B52}"
EndProject
Project("{9A19103F-16F7-4668-BE54-9A1E7A4F7556}") = "RWIA.Entities", "RWIA.Entities\RWIA.Entities.csproj", "{4F0D7458-F49C-410F-83D5-C180EDFB1C99}"
EndProject
Project("{FAE04EC0-301F-11D3-BF4B-00C04F79EFBC}") = "RWIA.Persistence", "RWIA.Persistence\RWIA.Persistence.csproj", "{6206FFBE-8FAF-4E0B-83DC-083495237AA5}"
EndProject
Project("{FAE04EC0-301F-11D3-BF4B-00C04F79EFBC}") = "RWIA.Utility", "RWIA.Utility\RWIA.Utility.csproj", "{AB2809A0-DD7C-497C-8B1C-066C668F54FC}"
EndProject
Project("{FAE04EC0-301F-11D3-BF4B-00C04F79EFBC}") = "RWIA.Service", "RWIA.Service\RWIA.Service.csproj", "{3E255E4E-5E74-4ED8-8484-CA59FD05B491}"
EndProject
Global
	GlobalSection(SolutionConfigurationPlatforms) = preSolution
		Debug|Any CPU = Debug|Any CPU
		Release|Any CPU = Release|Any CPU
	EndGlobalSection
	GlobalSection(ProjectConfigurationPlatforms) = postSolution
		{44834498-2E01-4979-8EE1-908144A20B52}.Debug|Any CPU.ActiveCfg = Debug|Any CPU
		{44834498-2E01-4979-8EE1-908144A20B52}.Debug|Any CPU.Build.0 = Debug|Any CPU
		{44834498-2E01-4979-8EE1-908144A20B52}.Release|Any CPU.ActiveCfg = Release|Any CPU
		{44834498-2E01-4979-8EE1-908144A20B52}.Release|Any CPU.Build.0 = Release|Any CPU
		{4F0D7458-F49C-410F-83D5-C180EDFB1C99}.Debug|Any CPU.ActiveCfg = Debug|Any CPU
		{4F0D7458-F49C-410F-83D5-C180EDFB1C99}.Debug|Any CPU.Build.0 = Debug|Any CPU
		{4F0D7458-F49C-410F-83D5-C180EDFB1C99}.Release|Any CPU.ActiveCfg = Release|Any CPU
		{4F0D7458-F49C-410F-83D5-C180EDFB1C99}.Release|Any CPU.Build.0 = Release|Any CPU
		{6206FFBE-8FAF-4E0B-83DC-083495237AA5}.Debug|Any CPU.ActiveCfg = Debug|Any CPU
		{6206FFBE-8FAF-4E0B-83DC-083495237AA5}.Debug|Any CPU.Build.0 = Debug|Any CPU
		{6206FFBE-8FAF-4E0B-83DC-083495237AA5}.Release|Any CPU.ActiveCfg = Release|Any CPU
		{6206FFBE-8FAF-4E0B-83DC-083495237AA5}.Release|Any CPU.Build.0 = Release|Any CPU
		{AB2809A0-DD7C-497C-8B1C-066C668F54FC}.Debug|Any CPU.ActiveCfg = Debug|Any CPU
		{AB2809A0-DD7C-497C-8B1C-066C668F54FC}.Debug|Any CPU.Build.0 = Debug|Any CPU
		{AB2809A0-DD7C-497C-8B1C-066C668F54FC}.Release|Any CPU.ActiveCfg = Release|Any CPU
		{AB2809A0-DD7C-497C-8B1C-066C668F54FC}.Release|Any CPU.Build.0 = Release|Any CPU
		{3E255E4E-5E74-4ED8-8484-CA59FD05B491}.Debug|Any CPU.ActiveCfg = Debug|Any CPU
		{3E255E4E-5E74-4ED8-8484-CA59FD05B491}.Debug|Any CPU.Build.0 = Debug|Any CPU
		{3E255E4E-5E74-4ED8-8484-CA59FD05B491}.Release|Any CPU.ActiveCfg = Release|Any CPU
		{3E255E4E-5E74-4ED8-8484-CA59FD05B491}.Release|Any CPU.Build.0 = Release|Any CPU
	EndGlobalSection
	GlobalSection(SolutionProperties) = preSolution
		HideSolutionNode = FALSE
	EndGlobalSection
	GlobalSection(ExtensibilityGlobals) = postSolution
		SolutionGuid = {9082892A-B72B-4286-A156-F7B82BEAD464}
	EndGlobalSection
EndGlobal
